// !$*UTF8*$!
{
	archiveVersion = 1;
	classes = {
	};
	objectVersion = 56;
	objects = {

/* Begin PBXBuildFile section */
		920AD535297B12B90090FD7E /* HomeTableCell.swift in Sources */ = {isa = PBXBuildFile; fileRef = 920AD534297B12B90090FD7E /* HomeTableCell.swift */; };
		920AD537297B12D20090FD7E /* HomePageVC.swift in Sources */ = {isa = PBXBuildFile; fileRef = 920AD536297B12D20090FD7E /* HomePageVC.swift */; };
		9248EA68297B9E9100CB5C07 /* NetworkLayer.swift in Sources */ = {isa = PBXBuildFile; fileRef = 9248EA67297B9E9100CB5C07 /* NetworkLayer.swift */; };
		9248EA6A297BA1E000CB5C07 /* HomePageAPI.swift in Sources */ = {isa = PBXBuildFile; fileRef = 9248EA69297BA1E000CB5C07 /* HomePageAPI.swift */; };
		9248EA6C297BA2BE00CB5C07 /* HomePageModelClass.swift in Sources */ = {isa = PBXBuildFile; fileRef = 9248EA6B297BA2BE00CB5C07 /* HomePageModelClass.swift */; };
		9248EA70297BA35800CB5C07 /* HomePageViewModel.swift in Sources */ = {isa = PBXBuildFile; fileRef = 9248EA6F297BA35700CB5C07 /* HomePageViewModel.swift */; };
		9248EA72297BB65C00CB5C07 /* DescriptionWebViewVC.swift in Sources */ = {isa = PBXBuildFile; fileRef = 9248EA71297BB65B00CB5C07 /* DescriptionWebViewVC.swift */; };
		928538D2297AF20000095994 /* AppDelegate.swift in Sources */ = {isa = PBXBuildFile; fileRef = 928538D1297AF20000095994 /* AppDelegate.swift */; };
		928538D4297AF20000095994 /* SceneDelegate.swift in Sources */ = {isa = PBXBuildFile; fileRef = 928538D3297AF20000095994 /* SceneDelegate.swift */; };
		928538D6297AF20000095994 /* LoginVC.swift in Sources */ = {isa = PBXBuildFile; fileRef = 928538D5297AF20000095994 /* LoginVC.swift */; };
		928538D9297AF20000095994 /* Main.storyboard in Resources */ = {isa = PBXBuildFile; fileRef = 928538D7297AF20000095994 /* Main.storyboard */; };
		928538DB297AF20400095994 /* Assets.xcassets in Resources */ = {isa = PBXBuildFile; fileRef = 928538DA297AF20400095994 /* Assets.xcassets */; };
		928538DE297AF20400095994 /* LaunchScreen.storyboard in Resources */ = {isa = PBXBuildFile; fileRef = 928538DC297AF20400095994 /* LaunchScreen.storyboard */; };
		928538E9297AF6A300095994 /* Montserrat-Medium.ttf in Resources */ = {isa = PBXBuildFile; fileRef = 928538E6297AF6A300095994 /* Montserrat-Medium.ttf */; };
		928538EA297AF6A300095994 /* Montserrat-SemiBold.ttf in Resources */ = {isa = PBXBuildFile; fileRef = 928538E7297AF6A300095994 /* Montserrat-SemiBold.ttf */; };
		928538EB297AF6A300095994 /* Montserrat-Regular.ttf in Resources */ = {isa = PBXBuildFile; fileRef = 928538E8297AF6A300095994 /* Montserrat-Regular.ttf */; };
		928538ED297AF73800095994 /* Montserrat-Bold.ttf in Resources */ = {isa = PBXBuildFile; fileRef = 928538EC297AF73800095994 /* Montserrat-Bold.ttf */; };
		928AD9B6297B0CB20067C7F2 /* Helper.swift in Sources */ = {isa = PBXBuildFile; fileRef = 928AD9B5297B0CB20067C7F2 /* Helper.swift */; };
/* End PBXBuildFile section */

/* Begin PBXFileReference section */
		920AD534297B12B90090FD7E /* HomeTableCell.swift */ = {isa = PBXFileReference; lastKnownFileType = sourcecode.swift; path = HomeTableCell.swift; sourceTree = "<group>"; };
		920AD536297B12D20090FD7E /* HomePageVC.swift */ = {isa = PBXFileReference; lastKnownFileType = sourcecode.swift; path = HomePageVC.swift; sourceTree = "<group>"; };
		9248EA67297B9E9100CB5C07 /* NetworkLayer.swift */ = {isa = PBXFileReference; lastKnownFileType = sourcecode.swift; path = NetworkLayer.swift; sourceTree = "<group>"; };
		9248EA69297BA1E000CB5C07 /* HomePageAPI.swift */ = {isa = PBXFileReference; lastKnownFileType = sourcecode.swift; path = HomePageAPI.swift; sourceTree = "<group>"; };
		9248EA6B297BA2BE00CB5C07 /* HomePageModelClass.swift */ = {isa = PBXFileReference; lastKnownFileType = sourcecode.swift; path = HomePageModelClass.swift; sourceTree = "<group>"; };
		9248EA6F297BA35700CB5C07 /* HomePageViewModel.swift */ = {isa = PBXFileReference; lastKnownFileType = sourcecode.swift; path = HomePageViewModel.swift; sourceTree = "<group>"; };
		9248EA71297BB65B00CB5C07 /* DescriptionWebViewVC.swift */ = {isa = PBXFileReference; lastKnownFileType = sourcecode.swift; path = DescriptionWebViewVC.swift; sourceTree = "<group>"; };
		928538CE297AF20000095994 /* Task.app */ = {isa = PBXFileReference; explicitFileType = wrapper.application; includeInIndex = 0; path = Task.app; sourceTree = BUILT_PRODUCTS_DIR; };
		928538D1297AF20000095994 /* AppDelegate.swift */ = {isa = PBXFileReference; lastKnownFileType = sourcecode.swift; path = AppDelegate.swift; sourceTree = "<group>"; };
		928538D3297AF20000095994 /* SceneDelegate.swift */ = {isa = PBXFileReference; lastKnownFileType = sourcecode.swift; path = SceneDelegate.swift; sourceTree = "<group>"; };
		928538D5297AF20000095994 /* LoginVC.swift */ = {isa = PBXFileReference; lastKnownFileType = sourcecode.swift; path = LoginVC.swift; sourceTree = "<group>"; };
		928538D8297AF20000095994 /* Base */ = {isa = PBXFileReference; lastKnownFileType = file.storyboard; name = Base; path = Base.lproj/Main.storyboard; sourceTree = "<group>"; };
		928538DA297AF20400095994 /* Assets.xcassets */ = {isa = PBXFileReference; lastKnownFileType = folder.assetcatalog; path = Assets.xcassets; sourceTree = "<group>"; };
		928538DD297AF20400095994 /* Base */ = {isa = PBXFileReference; lastKnownFileType = file.storyboard; name = Base; path = Base.lproj/LaunchScreen.storyboard; sourceTree = "<group>"; };
		928538DF297AF20400095994 /* Info.plist */ = {isa = PBXFileReference; lastKnownFileType = text.plist.xml; path = Info.plist; sourceTree = "<group>"; };
		928538E6297AF6A300095994 /* Montserrat-Medium.ttf */ = {isa = PBXFileReference; lastKnownFileType = file; path = "Montserrat-Medium.ttf"; sourceTree = "<group>"; };
		928538E7297AF6A300095994 /* Montserrat-SemiBold.ttf */ = {isa = PBXFileReference; lastKnownFileType = file; path = "Montserrat-SemiBold.ttf"; sourceTree = "<group>"; };
		928538E8297AF6A300095994 /* Montserrat-Regular.ttf */ = {isa = PBXFileReference; lastKnownFileType = file; path = "Montserrat-Regular.ttf"; sourceTree = "<group>"; };
		928538EC297AF73800095994 /* Montserrat-Bold.ttf */ = {isa = PBXFileReference; lastKnownFileType = file; path = "Montserrat-Bold.ttf"; sourceTree = "<group>"; };
		928AD9B5297B0CB20067C7F2 /* Helper.swift */ = {isa = PBXFileReference; lastKnownFileType = sourcecode.swift; path = Helper.swift; sourceTree = "<group>"; };
/* End PBXFileReference section */

/* Begin PBXFrameworksBuildPhase section */
		928538CB297AF20000095994 /* Frameworks */ = {
			isa = PBXFrameworksBuildPhase;
			buildActionMask = 2147483647;
			files = (
			);
			runOnlyForDeploymentPostprocessing = 0;
		};
/* End PBXFrameworksBuildPhase section */

/* Begin PBXGroup section */
		92314222297BCFBA00DAF57A /* APIService */ = {
			isa = PBXGroup;
			children = (
				9248EA69297BA1E000CB5C07 /* HomePageAPI.swift */,
			);
			path = APIService;
			sourceTree = "<group>";
		};
		92314223297BCFCC00DAF57A /* Model */ = {
			isa = PBXGroup;
			children = (
				9248EA6B297BA2BE00CB5C07 /* HomePageModelClass.swift */,
			);
			path = Model;
			sourceTree = "<group>";
		};
		92314224297BCFEB00DAF57A /* ViewModel */ = {
			isa = PBXGroup;
			children = (
				9248EA6F297BA35700CB5C07 /* HomePageViewModel.swift */,
			);
			path = ViewModel;
			sourceTree = "<group>";
		};
		92314225297BCFFF00DAF57A /* View */ = {
			isa = PBXGroup;
			children = (
				920AD534297B12B90090FD7E /* HomeTableCell.swift */,
			);
			path = View;
			sourceTree = "<group>";
		};
		92314226297BD02C00DAF57A /* Controllers */ = {
			isa = PBXGroup;
			children = (
				920AD536297B12D20090FD7E /* HomePageVC.swift */,
				9248EA71297BB65B00CB5C07 /* DescriptionWebViewVC.swift */,
			);
			path = Controllers;
			sourceTree = "<group>";
		};
		92314227297BD04600DAF57A /* Login */ = {
			isa = PBXGroup;
			children = (
				928538D5297AF20000095994 /* LoginVC.swift */,
			);
			path = Login;
			sourceTree = "<group>";
		};
		928538C5297AF20000095994 = {
			isa = PBXGroup;
			children = (
				928538D0297AF20000095994 /* Task */,
				928538CF297AF20000095994 /* Products */,
			);
			sourceTree = "<group>";
		};
		928538CF297AF20000095994 /* Products */ = {
			isa = PBXGroup;
			children = (
				928538CE297AF20000095994 /* Task.app */,
			);
			name = Products;
			sourceTree = "<group>";
		};
		928538D0297AF20000095994 /* Task */ = {
			isa = PBXGroup;
			children = (
				92314227297BD04600DAF57A /* Login */,
				928AD9B8297B0E6F0067C7F2 /* Home */,
				928538EE297B024B00095994 /* Helper */,
				928538E5297AF5D900095994 /* Fonts */,
				928538D1297AF20000095994 /* AppDelegate.swift */,
				928538D3297AF20000095994 /* SceneDelegate.swift */,
				928538D7297AF20000095994 /* Main.storyboard */,
				928538DA297AF20400095994 /* Assets.xcassets */,
				928538DC297AF20400095994 /* LaunchScreen.storyboard */,
				928538DF297AF20400095994 /* Info.plist */,
			);
			path = Task;
			sourceTree = "<group>";
		};
		928538E5297AF5D900095994 /* Fonts */ = {
			isa = PBXGroup;
			children = (
				928538EC297AF73800095994 /* Montserrat-Bold.ttf */,
				928538E6297AF6A300095994 /* Montserrat-Medium.ttf */,
				928538E8297AF6A300095994 /* Montserrat-Regular.ttf */,
				928538E7297AF6A300095994 /* Montserrat-SemiBold.ttf */,
			);
			path = Fonts;
			sourceTree = "<group>";
		};
		928538EE297B024B00095994 /* Helper */ = {
			isa = PBXGroup;
			children = (
				9248EA67297B9E9100CB5C07 /* NetworkLayer.swift */,
				928AD9B5297B0CB20067C7F2 /* Helper.swift */,
			);
			path = Helper;
			sourceTree = "<group>";
		};
		928AD9B8297B0E6F0067C7F2 /* Home */ = {
			isa = PBXGroup;
			children = (
				92314226297BD02C00DAF57A /* Controllers */,
				92314225297BCFFF00DAF57A /* View */,
				92314224297BCFEB00DAF57A /* ViewModel */,
				92314223297BCFCC00DAF57A /* Model */,
				92314222297BCFBA00DAF57A /* APIService */,
			);
			path = Home;
			sourceTree = "<group>";
		};
/* End PBXGroup section */

/* Begin PBXNativeTarget section */
		928538CD297AF20000095994 /* Task */ = {
			isa = PBXNativeTarget;
			buildConfigurationList = 928538E2297AF20400095994 /* Build configuration list for PBXNativeTarget "Task" */;
			buildPhases = (
				928538CA297AF20000095994 /* Sources */,
				928538CB297AF20000095994 /* Frameworks */,
				928538CC297AF20000095994 /* Resources */,
			);
			buildRules = (
			);
			dependencies = (
			);
			name = Task;
			productName = Task;
			productReference = 928538CE297AF20000095994 /* Task.app */;
			productType = "com.apple.product-type.application";
		};
/* End PBXNativeTarget section */

/* Begin PBXProject section */
		928538C6297AF20000095994 /* Project object */ = {
			isa = PBXProject;
			attributes = {
				BuildIndependentTargetsInParallel = 1;
				LastSwiftUpdateCheck = 1400;
				LastUpgradeCheck = 1400;
				TargetAttributes = {
					928538CD297AF20000095994 = {
						CreatedOnToolsVersion = 14.0;
					};
				};
			};
			buildConfigurationList = 928538C9297AF20000095994 /* Build configuration list for PBXProject "Task" */;
			compatibilityVersion = "Xcode 14.0";
			developmentRegion = en;
			hasScannedForEncodings = 0;
			knownRegions = (
				en,
				Base,
			);
			mainGroup = 928538C5297AF20000095994;
			productRefGroup = 928538CF297AF20000095994 /* Products */;
			projectDirPath = "";
			projectRoot = "";
			targets = (
				928538CD297AF20000095994 /* Task */,
			);
		};
/* End PBXProject section */

/* Begin PBXResourcesBuildPhase section */
		928538CC297AF20000095994 /* Resources */ = {
			isa = PBXResourcesBuildPhase;
			buildActionMask = 2147483647;
			files = (
				928538EB297AF6A300095994 /* Montserrat-Regular.ttf in Resources */,
				928538DE297AF20400095994 /* LaunchScreen.storyboard in Resources */,
				928538DB297AF20400095994 /* Assets.xcassets in Resources */,
				928538E9297AF6A300095994 /* Montserrat-Medium.ttf in Resources */,
				928538D9297AF20000095994 /* Main.storyboard in Resources */,
				928538EA297AF6A300095994 /* Montserrat-SemiBold.ttf in Resources */,
				928538ED297AF73800095994 /* Montserrat-Bold.ttf in Resources */,
			);
			runOnlyForDeploymentPostprocessing = 0;
		};
/* End PBXResourcesBuildPhase section */

/* Begin PBXSourcesBuildPhase section */
		928538CA297AF20000095994 /* Sources */ = {
			isa = PBXSourcesBuildPhase;
			buildActionMask = 2147483647;
			files = (
				9248EA72297BB65C00CB5C07 /* DescriptionWebViewVC.swift in Sources */,
				9248EA68297B9E9100CB5C07 /* NetworkLayer.swift in Sources */,
				928538D6297AF20000095994 /* LoginVC.swift in Sources */,
				928AD9B6297B0CB20067C7F2 /* Helper.swift in Sources */,
				920AD537297B12D20090FD7E /* HomePageVC.swift in Sources */,
				9248EA70297BA35800CB5C07 /* HomePageViewModel.swift in Sources */,
				9248EA6C297BA2BE00CB5C07 /* HomePageModelClass.swift in Sources */,
				9248EA6A297BA1E000CB5C07 /* HomePageAPI.swift in Sources */,
				928538D2297AF20000095994 /* AppDelegate.swift in Sources */,
				920AD535297B12B90090FD7E /* HomeTableCell.swift in Sources */,
				928538D4297AF20000095994 /* SceneDelegate.swift in Sources */,
			);
			runOnlyForDeploymentPostprocessing = 0;
		};
/* End PBXSourcesBuildPhase section */

/* Begin PBXVariantGroup section */
		928538D7297AF20000095994 /* Main.storyboard */ = {
			isa = PBXVariantGroup;
			children = (
				928538D8297AF20000095994 /* Base */,
			);
			name = Main.storyboard;
			sourceTree = "<group>";
		};
		928538DC297AF20400095994 /* LaunchScreen.storyboard */ = {
			isa = PBXVariantGroup;
			children = (
				928538DD297AF20400095994 /* Base */,
			);
			name = LaunchScreen.storyboard;
			sourceTree = "<group>";
		};
/* End PBXVariantGroup section */

/* Begin XCBuildConfiguration section */
		928538E0297AF20400095994 /* Debug */ = {
			isa = XCBuildConfiguration;
			buildSettings = {
				ALWAYS_SEARCH_USER_PATHS = NO;
				CLANG_ANALYZER_NONNULL = YES;
				CLANG_ANALYZER_NUMBER_OBJECT_CONVERSION = YES_AGGRESSIVE;
				CLANG_CXX_LANGUAGE_STANDARD = "gnu++20";
				CLANG_ENABLE_MODULES = YES;
				CLANG_ENABLE_OBJC_ARC = YES;
				CLANG_ENABLE_OBJC_WEAK = YES;
				CLANG_WARN_BLOCK_CAPTURE_AUTORELEASING = YES;
				CLANG_WARN_BOOL_CONVERSION = YES;
				CLANG_WARN_COMMA = YES;
				CLANG_WARN_CONSTANT_CONVERSION = YES;
				CLANG_WARN_DEPRECATED_OBJC_IMPLEMENTATIONS = YES;
				CLANG_WARN_DIRECT_OBJC_ISA_USAGE = YES_ERROR;
				CLANG_WARN_DOCUMENTATION_COMMENTS = YES;
				CLANG_WARN_EMPTY_BODY = YES;
				CLANG_WARN_ENUM_CONVERSION = YES;
				CLANG_WARN_INFINITE_RECURSION = YES;
				CLANG_WARN_INT_CONVERSION = YES;
				CLANG_WARN_NON_LITERAL_NULL_CONVERSION = YES;
				CLANG_WARN_OBJC_IMPLICIT_RETAIN_SELF = YES;
				CLANG_WARN_OBJC_LITERAL_CONVERSION = YES;
				CLANG_WARN_OBJC_ROOT_CLASS = YES_ERROR;
				CLANG_WARN_QUOTED_INCLUDE_IN_FRAMEWORK_HEADER = YES;
				CLANG_WARN_RANGE_LOOP_ANALYSIS = YES;
				CLANG_WARN_STRICT_PROTOTYPES = YES;
				CLANG_WARN_SUSPICIOUS_MOVE = YES;
				CLANG_WARN_UNGUARDED_AVAILABILITY = YES_AGGRESSIVE;
				CLANG_WARN_UNREACHABLE_CODE = YES;
				CLANG_WARN__DUPLICATE_METHOD_MATCH = YES;
				COPY_PHASE_STRIP = NO;
				DEBUG_INFORMATION_FORMAT = dwarf;
				ENABLE_STRICT_OBJC_MSGSEND = YES;
				ENABLE_TESTABILITY = YES;
				GCC_C_LANGUAGE_STANDARD = gnu11;
				GCC_DYNAMIC_NO_PIC = NO;
				GCC_NO_COMMON_BLOCKS = YES;
				GCC_OPTIMIZATION_LEVEL = 0;
				GCC_PREPROCESSOR_DEFINITIONS = (
					"DEBUG=1",
					"$(inherited)",
				);
				GCC_WARN_64_TO_32_BIT_CONVERSION = YES;
				GCC_WARN_ABOUT_RETURN_TYPE = YES_ERROR;
				GCC_WARN_UNDECLARED_SELECTOR = YES;
				GCC_WARN_UNINITIALIZED_AUTOS = YES_AGGRESSIVE;
				GCC_WARN_UNUSED_FUNCTION = YES;
				GCC_WARN_UNUSED_VARIABLE = YES;
				IPHONEOS_DEPLOYMENT_TARGET = 16.0;
				MTL_ENABLE_DEBUG_INFO = INCLUDE_SOURCE;
				MTL_FAST_MATH = YES;
				ONLY_ACTIVE_ARCH = YES;
				SDKROOT = iphoneos;
				SWIFT_ACTIVE_COMPILATION_CONDITIONS = DEBUG;
				SWIFT_OPTIMIZATION_LEVEL = "-Onone";
			};
			name = Debug;
		};
		928538E1297AF20400095994 /* Release */ = {
			isa = XCBuildConfiguration;
			buildSettings = {
				ALWAYS_SEARCH_USER_PATHS = NO;
				CLANG_ANALYZER_NONNULL = YES;
				CLANG_ANALYZER_NUMBER_OBJECT_CONVERSION = YES_AGGRESSIVE;
				CLANG_CXX_LANGUAGE_STANDARD = "gnu++20";
				CLANG_ENABLE_MODULES = YES;
				CLANG_ENABLE_OBJC_ARC = YES;
				CLANG_ENABLE_OBJC_WEAK = YES;
				CLANG_WARN_BLOCK_CAPTURE_AUTORELEASING = YES;
				CLANG_WARN_BOOL_CONVERSION = YES;
				CLANG_WARN_COMMA = YES;
				CLANG_WARN_CONSTANT_CONVERSION = YES;
				CLANG_WARN_DEPRECATED_OBJC_IMPLEMENTATIONS = YES;
				CLANG_WARN_DIRECT_OBJC_ISA_USAGE = YES_ERROR;
				CLANG_WARN_DOCUMENTATION_COMMENTS = YES;
				CLANG_WARN_EMPTY_BODY = YES;
				CLANG_WARN_ENUM_CONVERSION = YES;
				CLANG_WARN_INFINITE_RECURSION = YES;
				CLANG_WARN_INT_CONVERSION = YES;
				CLANG_WARN_NON_LITERAL_NULL_CONVERSION = YES;
				CLANG_WARN_OBJC_IMPLICIT_RETAIN_SELF = YES;
				CLANG_WARN_OBJC_LITERAL_CONVERSION = YES;
				CLANG_WARN_OBJC_ROOT_CLASS = YES_ERROR;
				CLANG_WARN_QUOTED_INCLUDE_IN_FRAMEWORK_HEADER = YES;
				CLANG_WARN_RANGE_LOOP_ANALYSIS = YES;
				CLANG_WARN_STRICT_PROTOTYPES = YES;
				CLANG_WARN_SUSPICIOUS_MOVE = YES;
				CLANG_WARN_UNGUARDED_AVAILABILITY = YES_AGGRESSIVE;
				CLANG_WARN_UNREACHABLE_CODE = YES;
				CLANG_WARN__DUPLICATE_METHOD_MATCH = YES;
				COPY_PHASE_STRIP = NO;
				DEBUG_INFORMATION_FORMAT = "dwarf-with-dsym";
				ENABLE_NS_ASSERTIONS = NO;
				ENABLE_STRICT_OBJC_MSGSEND = YES;
				GCC_C_LANGUAGE_STANDARD = gnu11;
				GCC_NO_COMMON_BLOCKS = YES;
				GCC_WARN_64_TO_32_BIT_CONVERSION = YES;
				GCC_WARN_ABOUT_RETURN_TYPE = YES_ERROR;
				GCC_WARN_UNDECLARED_SELECTOR = YES;
				GCC_WARN_UNINITIALIZED_AUTOS = YES_AGGRESSIVE;
				GCC_WARN_UNUSED_FUNCTION = YES;
				GCC_WARN_UNUSED_VARIABLE = YES;
				IPHONEOS_DEPLOYMENT_TARGET = 16.0;
				MTL_ENABLE_DEBUG_INFO = NO;
				MTL_FAST_MATH = YES;
				SDKROOT = iphoneos;
				SWIFT_COMPILATION_MODE = wholemodule;
				SWIFT_OPTIMIZATION_LEVEL = "-O";
				VALIDATE_PRODUCT = YES;
			};
			name = Release;
		};
		928538E3297AF20400095994 /* Debug */ = {
			isa = XCBuildConfiguration;
			buildSettings = {
				ASSETCATALOG_COMPILER_APPICON_NAME = AppIcon;
				ASSETCATALOG_COMPILER_GLOBAL_ACCENT_COLOR_NAME = AccentColor;
				CODE_SIGN_STYLE = Automatic;
				CURRENT_PROJECT_VERSION = 1;
				GENERATE_INFOPLIST_FILE = YES;
				INFOPLIST_FILE = Task/Info.plist;
				INFOPLIST_KEY_UIApplicationSupportsIndirectInputEvents = YES;
				INFOPLIST_KEY_UILaunchStoryboardName = LaunchScreen;
				INFOPLIST_KEY_UIMainStoryboardFile = Main;
				INFOPLIST_KEY_UISupportedInterfaceOrientations_iPad = "UIInterfaceOrientationPortrait UIInterfaceOrientationPortraitUpsideDown UIInterfaceOrientationLandscapeLeft UIInterfaceOrientationLandscapeRight";
				INFOPLIST_KEY_UISupportedInterfaceOrientations_iPhone = "UIInterfaceOrientationPortrait UIInterfaceOrientationLandscapeLeft UIInterfaceOrientationLandscapeRight";
				LD_RUNPATH_SEARCH_PATHS = (
					"$(inherited)",
					"@executable_path/Frameworks",
				);
				MARKETING_VERSION = 1.0;
				PRODUCT_BUNDLE_IDENTIFIER = com.techzar.Task;
				PRODUCT_NAME = "$(TARGET_NAME)";
				SWIFT_EMIT_LOC_STRINGS = YES;
				SWIFT_VERSION = 5.0;
				TARGETED_DEVICE_FAMILY = "1,2";
			};
			name = Debug;
		};
		928538E4297AF20400095994 /* Release */ = {
			isa = XCBuildConfiguration;
			buildSettings = {
				ASSETCATALOG_COMPILER_APPICON_NAME = AppIcon;
				ASSETCATALOG_COMPILER_GLOBAL_ACCENT_COLOR_NAME = AccentColor;
				CODE_SIGN_STYLE = Automatic;
				CURRENT_PROJECT_VERSION = 1;
				GENERATE_INFOPLIST_FILE = YES;
				INFOPLIST_FILE = Task/Info.plist;
				INFOPLIST_KEY_UIApplicationSupportsIndirectInputEvents = YES;
				INFOPLIST_KEY_UILaunchStoryboardName = LaunchScreen;
				INFOPLIST_KEY_UIMainStoryboardFile = Main;
				INFOPLIST_KEY_UISupportedInterfaceOrientations_iPad = "UIInterfaceOrientationPortrait UIInterfaceOrientationPortraitUpsideDown UIInterfaceOrientationLandscapeLeft UIInterfaceOrientationLandscapeRight";
				INFOPLIST_KEY_UISupportedInterfaceOrientations_iPhone = "UIInterfaceOrientationPortrait UIInterfaceOrientationLandscapeLeft UIInterfaceOrientationLandscapeRight";
				LD_RUNPATH_SEARCH_PATHS = (
					"$(inherited)",
					"@executable_path/Frameworks",
				);
				MARKETING_VERSION = 1.0;
				PRODUCT_BUNDLE_IDENTIFIER = com.techzar.Task;
				PRODUCT_NAME = "$(TARGET_NAME)";
				SWIFT_EMIT_LOC_STRINGS = YES;
				SWIFT_VERSION = 5.0;
				TARGETED_DEVICE_FAMILY = "1,2";
			};
			name = Release;
		};
/* End XCBuildConfiguration section */

/* Begin XCConfigurationList section */
		928538C9297AF20000095994 /* Build configuration list for PBXProject "Task" */ = {
			isa = XCConfigurationList;
			buildConfigurations = (
				928538E0297AF20400095994 /* Debug */,
				928538E1297AF20400095994 /* Release */,
			);
			defaultConfigurationIsVisible = 0;
			defaultConfigurationName = Release;
		};
		928538E2297AF20400095994 /* Build configuration list for PBXNativeTarget "Task" */ = {
			isa = XCConfigurationList;
			buildConfigurations = (
				928538E3297AF20400095994 /* Debug */,
				928538E4297AF20400095994 /* Release */,
			);
			defaultConfigurationIsVisible = 0;
			defaultConfigurationName = Release;
		};
/* End XCConfigurationList section */
	};
	rootObject = 928538C6297AF20000095994 /* Project object */;
}
